
Microsoft Visual Studio Solution File, Format Version 12.00
# Visual Studio Version 17
VisualStudioVersion = 17.2.32602.215
MinimumVisualStudioVersion = 10.0.40219.1
Project("{FAE04EC0-301F-11D3-BF4B-00C04F79EFBC}") = "BrightIdeas.Api", "BrightIdeas.Api\BrightIdeas.Api.csproj", "{46EAFC7F-7075-4021-9DFC-DF6562D7C9CF}"
EndProject
Global
	GlobalSection(SolutionConfigurationPlatforms) = preSolution
		Debug|Any CPU = Debug|Any CPU
		Release|Any CPU = Release|Any CPU
	EndGlobalSection
	GlobalSection(ProjectConfigurationPlatforms) = postSolution
		{46EAFC7F-7075-4021-9DFC-DF6562D7C9CF}.Debug|Any CPU.ActiveCfg = Debug|Any CPU
		{46EAFC7F-7075-4021-9DFC-DF6562D7C9CF}.Debug|Any CPU.Build.0 = Debug|Any CPU
		{46EAFC7F-7075-4021-9DFC-DF6562D7C9CF}.Release|Any CPU.ActiveCfg = Release|Any CPU
		{46EAFC7F-7075-4021-9DFC-DF6562D7C9CF}.Release|Any CPU.Build.0 = Release|Any CPU
	EndGlobalSection
	GlobalSection(SolutionProperties) = preSolution
		HideSolutionNode = FALSE
	EndGlobalSection
	GlobalSection(ExtensibilityGlobals) = postSolution
		SolutionGuid = {DFA9784D-774A-4D59-AADF-A43F778A38DD}
	EndGlobalSection
EndGlobal
